
Microsoft Visual Studio Solution File, Format Version 12.00
# Visual Studio Express 2012 for Windows Desktop
Project("{FAE04EC0-301F-11D3-BF4B-00C04F79EFBC}") = "PerfectWard", "PerfectWard.csproj", "{80E7C361-520A-42E2-944A-2F4B31700A2B}"
EndProject
Global
	GlobalSection(SolutionConfigurationPlatforms) = preSolution
		Debug|Any CPU = Debug|Any CPU
		Release|Any CPU = Release|Any CPU
	EndGlobalSection
	GlobalSection(ProjectConfigurationPlatforms) = postSolution
		{80E7C361-520A-42E2-944A-2F4B31700A2B}.Debug|Any CPU.ActiveCfg = Debug|Any CPU
		{80E7C361-520A-42E2-944A-2F4B31700A2B}.Debug|Any CPU.Build.0 = Debug|Any CPU
		{80E7C361-520A-42E2-944A-2F4B31700A2B}.Release|Any CPU.ActiveCfg = Release|Any CPU
		{80E7C361-520A-42E2-944A-2F4B31700A2B}.Release|Any CPU.Build.0 = Release|Any CPU
	EndGlobalSection
	GlobalSection(SolutionProperties) = preSolution
		HideSolutionNode = FALSE
	EndGlobalSection
EndGlobal
